# THIS IS AN AUTOGENERATED FILE. DO NOT EDIT THIS FILE DIRECTLY.
# yarn lockfile v1


"@ant-design/colors@^6.0.0":
  version "6.0.0"
  resolved "http://npm.devops.xiaohongshu.com:7001/@ant-design/colors/download/@ant-design/colors-6.0.0.tgz#9b9366257cffcc47db42b9d0203bb592c13c0298"
  integrity sha1-m5NmJXz/zEfbQrnQIDu1ksE8Apg=
  dependencies:
    "@ctrl/tinycolor" "^3.4.0"

"@ant-design/icons-svg@^4.2.1":
  version "4.2.1"
  resolved "http://npm.devops.xiaohongshu.com:7001/@ant-design/icons-svg/download/@ant-design/icons-svg-4.2.1.tgz#8630da8eb4471a4aabdaed7d1ff6a97dcb2cf05a"
  integrity sha1-hjDajrRHGkqr2u19H/apfcss8Fo=

"@ant-design/icons-vue@^6.1.0":
  version "6.1.0"
  resolved "http://npm.devops.xiaohongshu.com:7001/@ant-design/icons-vue/download/@ant-design/icons-vue-6.1.0.tgz#f9324fdc0eb4cea943cf626d2bf3db9a4ff4c074"
  integrity sha1-+TJP3A60zqlDz2JtK/Pbmk/0wHQ=
  dependencies:
    "@ant-design/colors" "^6.0.0"
    "@ant-design/icons-svg" "^4.2.1"

"@babel/parser@^7.16.4":
  version "7.18.8"
  resolved "http://npm.devops.xiaohongshu.com:7001/@babel/parser/download/@babel/parser-7.18.8.tgz#822146080ac9c62dac0823bb3489622e0bc1cbdf"
  integrity sha1-giFGCArJxi2sCCO7NIliLgvBy98=

"@babel/runtime@^7.10.5":
  version "7.18.6"
  resolved "http://npm.devops.xiaohongshu.com:7001/@babel/runtime/download/@babel/runtime-7.18.6.tgz#6a1ef59f838debd670421f8c7f2cbb8da9751580"
  integrity sha1-ah71n4ON69ZwQh+Mfyy7jal1FYA=
  dependencies:
    regenerator-runtime "^0.13.4"

"@ctrl/tinycolor@^3.4.0":
  version "3.4.1"
  resolved "http://npm.devops.xiaohongshu.com:7001/@ctrl/tinycolor/download/@ctrl/tinycolor-3.4.1.tgz#75b4c27948c81e88ccd3a8902047bcd797f38d32"
  integrity sha1-dbTCeUjIHojM06iQIEe815fzjTI=

"@formily/core@2.1.6", "@formily/core@^2.1.6":
  version "2.1.6"
  resolved "http://npm.devops.xiaohongshu.com:7001/@formily/core/download/@formily/core-2.1.6.tgz#9ffd1d2cdc57ba270f4d836a0b6c46a2e0e9b407"
  integrity sha1-n/0dLNxXuicPTYNqC2xGouDptAc=
  dependencies:
    "@formily/reactive" "2.1.6"
    "@formily/shared" "2.1.6"
    "@formily/validator" "2.1.6"

"@formily/json-schema@2.1.6":
  version "2.1.6"
  resolved "http://npm.devops.xiaohongshu.com:7001/@formily/json-schema/download/@formily/json-schema-2.1.6.tgz#652680ee3b139c5f4ddee9a07d191685a8bf0bdc"
  integrity sha1-ZSaA7jsTnF9N3umgfRkWhai/C9w=
  dependencies:
    "@formily/core" "2.1.6"
    "@formily/reactive" "2.1.6"
    "@formily/shared" "2.1.6"

"@formily/path@2.1.6":
  version "2.1.6"
  resolved "http://npm.devops.xiaohongshu.com:7001/@formily/path/download/@formily/path-2.1.6.tgz#7986338136b227cd24d060148060f14b98fcf838"
  integrity sha1-eYYzgTayJ80k0GAUgGDxS5j8+Dg=

"@formily/reactive-vue@2.1.6":
  version "2.1.6"
  resolved "http://npm.devops.xiaohongshu.com:7001/@formily/reactive-vue/download/@formily/reactive-vue-2.1.6.tgz#6c679769bd90495d94543202c46d886970f65f2c"
  integrity sha1-bGeXab2QSV2UVDICxG2IaXD2Xyw=
  dependencies:
    "@formily/reactive" "2.1.6"
    vue-demi "^0.9.0"

"@formily/reactive@2.1.6":
  version "2.1.6"
  resolved "http://npm.devops.xiaohongshu.com:7001/@formily/reactive/download/@formily/reactive-2.1.6.tgz#e0530a2457ac63c61667d112b53d5449c930d84c"
  integrity sha1-4FMKJFesY8YWZ9EStT1USckw2Ew=

"@formily/shared@2.1.6":
  version "2.1.6"
  resolved "http://npm.devops.xiaohongshu.com:7001/@formily/shared/download/@formily/shared-2.1.6.tgz#277de7c8182a2b83db6fa92f41e8e55889b6accc"
  integrity sha1-J33nyBgqK4Pbb6kvQejlWIm2rMw=
  dependencies:
    "@formily/path" "2.1.6"
    camel-case "^4.1.1"
    lower-case "^2.0.1"
    no-case "^3.0.4"
    param-case "^3.0.4"
    pascal-case "^3.1.1"
    upper-case "^2.0.1"

"@formily/validator@2.1.6":
  version "2.1.6"
  resolved "http://npm.devops.xiaohongshu.com:7001/@formily/validator/download/@formily/validator-2.1.6.tgz#d339f621f9114e3f4995ba7101bf9e310c32f360"
  integrity sha1-0zn2IfkRTj9JlbpxAb+eMQwy82A=
  dependencies:
    "@formily/shared" "2.1.6"

"@formily/vue@^2.1.6":
  version "2.1.6"
  resolved "http://npm.devops.xiaohongshu.com:7001/@formily/vue/download/@formily/vue-2.1.6.tgz#50b4bda2633f40efd7fdc09bd509d1094a9b9e16"
  integrity sha1-ULS9omM/QO/X/cCb1QnRCUqbnhY=
  dependencies:
    "@formily/core" "2.1.6"
    "@formily/json-schema" "2.1.6"
    "@formily/reactive" "2.1.6"
    "@formily/reactive-vue" "2.1.6"
    "@formily/shared" "2.1.6"
    "@formily/validator" "2.1.6"
    fs-extra "^10.0.0"
    vue-demi "^0.9.0"
    vue-frag "^1.1.4"

"@simonwep/pickr@~1.8.0":
  version "1.8.2"
  resolved "http://npm.devops.xiaohongshu.com:7001/@simonwep/pickr/download/@simonwep/pickr-1.8.2.tgz#96dc86675940d7cad63d69c22083dd1cbb9797cb"
  integrity sha1-ltyGZ1lA18rWPWnCIIPdHLuXl8s=
  dependencies:
    core-js "^3.15.1"
    nanopop "^2.1.0"

"@vitejs/plugin-vue@^2.3.3":
  version "2.3.3"
  resolved "http://npm.devops.xiaohongshu.com:7001/@vitejs/plugin-vue/download/@vitejs/plugin-vue-2.3.3.tgz#fbf80cc039b82ac21a1acb0f0478de8f61fbf600"
  integrity sha1-+/gMwDm4KsIaGssPBHjej2H79gA=

"@volar/code-gen@0.34.17":
  version "0.34.17"
  resolved "http://npm.devops.xiaohongshu.com:7001/@volar/code-gen/download/@volar/code-gen-0.34.17.tgz#fd46e369454e6bd9599b511500b4c43acb9730bd"
  integrity sha1-/UbjaUVOa9lZm1EVALTEOsuXML0=
  dependencies:
    "@volar/source-map" "0.34.17"

"@volar/source-map@0.34.17":
  version "0.34.17"
  resolved "http://npm.devops.xiaohongshu.com:7001/@volar/source-map/download/@volar/source-map-0.34.17.tgz#79efc4d088e11f59fc857953185a1f852df70968"
  integrity sha1-ee/E0IjhH1n8hXlTGFofhS33CWg=

"@volar/vue-code-gen@0.34.17":
  version "0.34.17"
  resolved "http://npm.devops.xiaohongshu.com:7001/@volar/vue-code-gen/download/@volar/vue-code-gen-0.34.17.tgz#55ca9c21b38c91bf362761b268a77b9f0ecae8bf"
  integrity sha1-VcqcIbOMkb82J2GyaKd7nw7K6L8=
  dependencies:
    "@volar/code-gen" "0.34.17"
    "@volar/source-map" "0.34.17"
    "@vue/compiler-core" "^3.2.36"
    "@vue/compiler-dom" "^3.2.36"
    "@vue/shared" "^3.2.36"

"@volar/vue-typescript@0.34.17":
  version "0.34.17"
  resolved "http://npm.devops.xiaohongshu.com:7001/@volar/vue-typescript/download/@volar/vue-typescript-0.34.17.tgz#497eb471ebac25ff61af04031b78ec71a34d470b"
  integrity sha1-SX60ceusJf9hrwQDG3jscaNNRws=
  dependencies:
    "@volar/code-gen" "0.34.17"
    "@volar/source-map" "0.34.17"
    "@volar/vue-code-gen" "0.34.17"
    "@vue/compiler-sfc" "^3.2.36"
    "@vue/reactivity" "^3.2.36"

"@vue/compiler-core@3.2.26":
  version "3.2.26"
  resolved "http://npm.devops.xiaohongshu.com:7001/@vue/compiler-core/download/@vue/compiler-core-3.2.26.tgz#9ab92ae624da51f7b6064f4679c2d4564f437cc8"
  integrity sha1-mrkq5iTaUfe2Bk9GecLUVk9DfMg=
  dependencies:
    "@babel/parser" "^7.16.4"
    "@vue/shared" "3.2.26"
    estree-walker "^2.0.2"
    source-map "^0.6.1"

"@vue/compiler-core@3.2.37", "@vue/compiler-core@^3.2.36":
  version "3.2.37"
  resolved "http://npm.devops.xiaohongshu.com:7001/@vue/compiler-core/download/@vue/compiler-core-3.2.37.tgz#b3c42e04c0e0f2c496ff1784e543fbefe91e215a"
  integrity sha1-s8QuBMDg8sSW/xeE5UP77+keIVo=
  dependencies:
    "@babel/parser" "^7.16.4"
    "@vue/shared" "3.2.37"
    estree-walker "^2.0.2"
    source-map "^0.6.1"

"@vue/compiler-dom@3.2.26":
  version "3.2.26"
  resolved "http://npm.devops.xiaohongshu.com:7001/@vue/compiler-dom/download/@vue/compiler-dom-3.2.26.tgz#c7a7b55d50a7b7981dd44fc28211df1450482667"
  integrity sha1-x6e1XVCnt5gd1E/CghHfFFBIJmc=
  dependencies:
    "@vue/compiler-core" "3.2.26"
    "@vue/shared" "3.2.26"

"@vue/compiler-dom@3.2.37", "@vue/compiler-dom@^3.2.36":
  version "3.2.37"
  resolved "http://npm.devops.xiaohongshu.com:7001/@vue/compiler-dom/download/@vue/compiler-dom-3.2.37.tgz#10d2427a789e7c707c872da9d678c82a0c6582b5"
  integrity sha1-ENJCeniefHB8hy2p1njIKgxlgrU=
  dependencies:
    "@vue/compiler-core" "3.2.37"
    "@vue/shared" "3.2.37"

"@vue/compiler-sfc@3.2.26":
  version "3.2.26"
  resolved "http://npm.devops.xiaohongshu.com:7001/@vue/compiler-sfc/download/@vue/compiler-sfc-3.2.26.tgz#3ce76677e4aa58311655a3bea9eb1cb804d2273f"
  integrity sha1-POdmd+SqWDEWVaO+qescuATSJz8=
  dependencies:
    "@babel/parser" "^7.16.4"
    "@vue/compiler-core" "3.2.26"
    "@vue/compiler-dom" "3.2.26"
    "@vue/compiler-ssr" "3.2.26"
    "@vue/reactivity-transform" "3.2.26"
    "@vue/shared" "3.2.26"
    estree-walker "^2.0.2"
    magic-string "^0.25.7"
    postcss "^8.1.10"
    source-map "^0.6.1"

"@vue/compiler-sfc@^3.2.36":
  version "3.2.37"
  resolved "http://npm.devops.xiaohongshu.com:7001/@vue/compiler-sfc/download/@vue/compiler-sfc-3.2.37.tgz#3103af3da2f40286edcd85ea495dcb35bc7f5ff4"
  integrity sha1-MQOvPaL0AobtzYXqSV3LNbx/X/Q=
  dependencies:
    "@babel/parser" "^7.16.4"
    "@vue/compiler-core" "3.2.37"
    "@vue/compiler-dom" "3.2.37"
    "@vue/compiler-ssr" "3.2.37"
    "@vue/reactivity-transform" "3.2.37"
    "@vue/shared" "3.2.37"
    estree-walker "^2.0.2"
    magic-string "^0.25.7"
    postcss "^8.1.10"
    source-map "^0.6.1"

"@vue/compiler-ssr@3.2.26":
  version "3.2.26"
  resolved "http://npm.devops.xiaohongshu.com:7001/@vue/compiler-ssr/download/@vue/compiler-ssr-3.2.26.tgz#fd049523341fbf4ab5e88e25eef566d862894ba7"
  integrity sha1-/QSVIzQfv0q16I4l7vVm2GKJS6c=
  dependencies:
    "@vue/compiler-dom" "3.2.26"
    "@vue/shared" "3.2.26"

"@vue/compiler-ssr@3.2.37":
  version "3.2.37"
  resolved "http://npm.devops.xiaohongshu.com:7001/@vue/compiler-ssr/download/@vue/compiler-ssr-3.2.37.tgz#4899d19f3a5fafd61524a9d1aee8eb0505313cff"
  integrity sha1-SJnRnzpfr9YVJKnRrujrBQUxPP8=
  dependencies:
    "@vue/compiler-dom" "3.2.37"
    "@vue/shared" "3.2.37"

"@vue/reactivity-transform@3.2.26":
  version "3.2.26"
  resolved "http://npm.devops.xiaohongshu.com:7001/@vue/reactivity-transform/download/@vue/reactivity-transform-3.2.26.tgz#6d8f20a4aa2d19728f25de99962addbe7c4d03e9"
  integrity sha1-bY8gpKotGXKPJd6ZlirdvnxNA+k=
  dependencies:
    "@babel/parser" "^7.16.4"
    "@vue/compiler-core" "3.2.26"
    "@vue/shared" "3.2.26"
    estree-walker "^2.0.2"
    magic-string "^0.25.7"

"@vue/reactivity-transform@3.2.37":
  version "3.2.37"
  resolved "http://npm.devops.xiaohongshu.com:7001/@vue/reactivity-transform/download/@vue/reactivity-transform-3.2.37.tgz#0caa47c4344df4ae59f5a05dde2a8758829f8eca"
  integrity sha1-DKpHxDRN9K5Z9aBd3iqHWIKfjso=
  dependencies:
    "@babel/parser" "^7.16.4"
    "@vue/compiler-core" "3.2.37"
    "@vue/shared" "3.2.37"
    estree-walker "^2.0.2"
    magic-string "^0.25.7"

"@vue/reactivity@3.2.26":
  version "3.2.26"
  resolved "http://npm.devops.xiaohongshu.com:7001/@vue/reactivity/download/@vue/reactivity-3.2.26.tgz#d529191e581521c3c12e29ef986d4c8a933a0f83"
  integrity sha1-1SkZHlgVIcPBLinvmG1MipM6D4M=
  dependencies:
    "@vue/shared" "3.2.26"

"@vue/reactivity@^3.2.36":
  version "3.2.37"
  resolved "http://npm.devops.xiaohongshu.com:7001/@vue/reactivity/download/@vue/reactivity-3.2.37.tgz#5bc3847ac58828e2b78526e08219e0a1089f8848"
  integrity sha1-W8OEesWIKOK3hSbgghngoQifiEg=
  dependencies:
    "@vue/shared" "3.2.37"

"@vue/runtime-core@3.2.26":
  version "3.2.26"
  resolved "http://npm.devops.xiaohongshu.com:7001/@vue/runtime-core/download/@vue/runtime-core-3.2.26.tgz#5c59cc440ed7a39b6dbd4c02e2d21c8d1988f0de"
  integrity sha1-XFnMRA7Xo5ttvUwC4tIcjRmI8N4=
  dependencies:
    "@vue/reactivity" "3.2.26"
    "@vue/shared" "3.2.26"

"@vue/runtime-dom@3.2.26":
  version "3.2.26"
  resolved "http://npm.devops.xiaohongshu.com:7001/@vue/runtime-dom/download/@vue/runtime-dom-3.2.26.tgz#84d3ae2584488747717c2e072d5d9112c0d2e6c2"
  integrity sha1-hNOuJYRIh0dxfC4HLV2REsDS5sI=
  dependencies:
    "@vue/runtime-core" "3.2.26"
    "@vue/shared" "3.2.26"
    csstype "^2.6.8"

"@vue/server-renderer@3.2.26":
  version "3.2.26"
  resolved "http://npm.devops.xiaohongshu.com:7001/@vue/server-renderer/download/@vue/server-renderer-3.2.26.tgz#f16a4b9fbcc917417b4cea70c99afce2701341cf"
  integrity sha1-8WpLn7zJF0F7TOpwyZr84nATQc8=
  dependencies:
    "@vue/compiler-ssr" "3.2.26"
    "@vue/shared" "3.2.26"

"@vue/shared@3.2.26":
  version "3.2.26"
  resolved "http://npm.devops.xiaohongshu.com:7001/@vue/shared/download/@vue/shared-3.2.26.tgz#7acd1621783571b9a82eca1f041b4a0a983481d9"
  integrity sha1-es0WIXg1cbmoLsofBBtKCpg0gdk=

"@vue/shared@3.2.37", "@vue/shared@^3.2.36":
  version "3.2.37"
  resolved "http://npm.devops.xiaohongshu.com:7001/@vue/shared/download/@vue/shared-3.2.37.tgz#8e6adc3f2759af52f0e85863dfb0b711ecc5c702"
  integrity sha1-jmrcPydZr1Lw6Fhj37C3EezFxwI=

ant-design-vue@^3.2.9:
  version "3.2.9"
  resolved "http://npm.devops.xiaohongshu.com:7001/ant-design-vue/download/ant-design-vue-3.2.9.tgz#0ec3d02912a3f8596680d7f7a71749e8f01288cb"
  integrity sha1-DsPQKRKj+FlmgNf3pxdJ6PASiMs=
  dependencies:
    "@ant-design/colors" "^6.0.0"
    "@ant-design/icons-vue" "^6.1.0"
    "@babel/runtime" "^7.10.5"
    "@ctrl/tinycolor" "^3.4.0"
    "@simonwep/pickr" "~1.8.0"
    array-tree-filter "^2.1.0"
    async-validator "^4.0.0"
    dayjs "^1.10.5"
    dom-align "^1.12.1"
    dom-scroll-into-view "^2.0.0"
    lodash "^4.17.21"
    lodash-es "^4.17.15"
    resize-observer-polyfill "^1.5.1"
    scroll-into-view-if-needed "^2.2.25"
    shallow-equal "^1.0.0"
    vue-types "^3.0.0"
    warning "^4.0.0"

array-tree-filter@^2.1.0:
  version "2.1.0"
  resolved "http://npm.devops.xiaohongshu.com:7001/array-tree-filter/download/array-tree-filter-2.1.0.tgz#873ac00fec83749f255ac8dd083814b4f6329190"
  integrity sha1-hzrAD+yDdJ8lWsjdCDgUtPYykZA=

async-validator@^4.0.0:
  version "4.2.5"
  resolved "http://npm.devops.xiaohongshu.com:7001/async-validator/download/async-validator-4.2.5.tgz#c96ea3332a521699d0afaaceed510a54656c6339"
  integrity sha1-yW6jMypSFpnQr6rO7VEKVGVsYzk=

camel-case@^4.1.1:
  version "4.1.2"
  resolved "http://npm.devops.xiaohongshu.com:7001/camel-case/download/camel-case-4.1.2.tgz#9728072a954f805228225a6deea6b38461e1bd5a"
  integrity sha1-lygHKpVPgFIoIlpt7qazhGHhvVo=
  dependencies:
    pascal-case "^3.1.2"
    tslib "^2.0.3"

compute-scroll-into-view@^1.0.17:
  version "1.0.17"
  resolved "http://npm.devops.xiaohongshu.com:7001/compute-scroll-into-view/download/compute-scroll-into-view-1.0.17.tgz#6a88f18acd9d42e9cf4baa6bec7e0522607ab7ab"
  integrity sha1-aojxis2dQunPS6pr7H4FImB6t6s=

core-js@^3.15.1:
  version "3.23.3"
  resolved "http://npm.devops.xiaohongshu.com:7001/core-js/download/core-js-3.23.3.tgz#3b977612b15da6da0c9cc4aec487e8d24f371112"
  integrity sha1-O5d2ErFdptoMnMSuxIfo0k83ERI=

csstype@^2.6.8:
  version "2.6.20"
  resolved "http://npm.devops.xiaohongshu.com:7001/csstype/download/csstype-2.6.20.tgz#9229c65ea0b260cf4d3d997cb06288e36a8d6dda"
  integrity sha1-kinGXqCyYM9NPZl8sGKI42qNbdo=

dayjs@^1.10.5:
  version "1.11.3"
  resolved "http://npm.devops.xiaohongshu.com:7001/dayjs/download/dayjs-1.11.3.tgz#4754eb694a624057b9ad2224b67b15d552589258"
  integrity sha1-R1TraUpiQFe5rSIktnsV1VJYklg=

dom-align@^1.12.1:
  version "1.12.3"
  resolved "http://npm.devops.xiaohongshu.com:7001/dom-align/download/dom-align-1.12.3.tgz#a36d02531dae0eefa2abb0c4db6595250526f103"
  integrity sha1-o20CUx2uDu+iq7DE22WVJQUm8QM=

dom-scroll-into-view@^2.0.0:
  version "2.0.1"
  resolved "http://npm.devops.xiaohongshu.com:7001/dom-scroll-into-view/download/dom-scroll-into-view-2.0.1.tgz#0decc8522801fd8d3f1c6ba355a74d382c5f989b"
  integrity sha1-DezIUigB/Y0/HGujVadNOCxfmJs=

dot-case@^3.0.4:
  version "3.0.4"
  resolved "http://npm.devops.xiaohongshu.com:7001/dot-case/download/dot-case-3.0.4.tgz#9b2b670d00a431667a8a75ba29cd1b98809ce751"
  integrity sha1-mytnDQCkMWZ6inW6Kc0bmICc51E=
  dependencies:
    no-case "^3.0.4"
    tslib "^2.0.3"

esbuild-android-64@0.14.49:
  version "0.14.49"
  resolved "http://npm.devops.xiaohongshu.com:7001/esbuild-android-64/download/esbuild-android-64-0.14.49.tgz#9e4682c36dcf6e7b71b73d2a3723a96e0fdc5054"
  integrity sha1-nkaCw23Pbntxtz0qNyOpbg/cUFQ=

esbuild-android-arm64@0.14.49:
  version "0.14.49"
  resolved "http://npm.devops.xiaohongshu.com:7001/esbuild-android-arm64/download/esbuild-android-arm64-0.14.49.tgz#9861b1f7e57d1dd1f23eeef6198561c5f34b51f6"
  integrity sha1-mGGx9+V9HdHyPu72GYVhxfNLUfY=

esbuild-darwin-64@0.14.49:
  version "0.14.49"
  resolved "http://npm.devops.xiaohongshu.com:7001/esbuild-darwin-64/download/esbuild-darwin-64-0.14.49.tgz#fd30a5ebe28704a3a117126c60f98096c067c8d1"
  integrity sha1-/TCl6+KHBKOhFxJsYPmAlsBnyNE=

esbuild-darwin-arm64@0.14.49:
  version "0.14.49"
  resolved "http://npm.devops.xiaohongshu.com:7001/esbuild-darwin-arm64/download/esbuild-darwin-arm64-0.14.49.tgz#c04a3a57dad94a972c66a697a68a25aa25947f41"
  integrity sha1-wEo6V9rZSpcsZqaXpoolqiWUf0E=

esbuild-freebsd-64@0.14.49:
  version "0.14.49"
  resolved "http://npm.devops.xiaohongshu.com:7001/esbuild-freebsd-64/download/esbuild-freebsd-64-0.14.49.tgz#c404dbd66c98451395b1eef0fa38b73030a7be82"
  integrity sha1-xATb1myYRROVse7w+ji3MDCnvoI=

esbuild-freebsd-arm64@0.14.49:
  version "0.14.49"
  resolved "http://npm.devops.xiaohongshu.com:7001/esbuild-freebsd-arm64/download/esbuild-freebsd-arm64-0.14.49.tgz#b62cec96138ebc5937240ce3e1b97902963ea74a"
  integrity sha1-tizslhOOvFk3JAzj4bl5ApY+p0o=

esbuild-linux-32@0.14.49:
  version "0.14.49"
  resolved "http://npm.devops.xiaohongshu.com:7001/esbuild-linux-32/download/esbuild-linux-32-0.14.49.tgz#495b1cc011b8c64d8bbaf65509c1e7135eb9ddbf"
  integrity sha1-SVscwBG4xk2LuvZVCcHnE1653b8=

esbuild-linux-64@0.14.49:
  version "0.14.49"
  resolved "http://npm.devops.xiaohongshu.com:7001/esbuild-linux-64/download/esbuild-linux-64-0.14.49.tgz#3f28dd8f986e6ff42f38888ee435a9b1fb916a56"
  integrity sha1-Pyjdj5hub/QvOIiO5DWpsfuRalY=

esbuild-linux-arm64@0.14.49:
  version "0.14.49"
  resolved "http://npm.devops.xiaohongshu.com:7001/esbuild-linux-arm64/download/esbuild-linux-arm64-0.14.49.tgz#a52e99ae30246566dc5f33e835aa6ca98ef70e33"
  integrity sha1-pS6ZrjAkZWbcXzPoNapsqY73DjM=

esbuild-linux-arm@0.14.49:
  version "0.14.49"
  resolved "http://npm.devops.xiaohongshu.com:7001/esbuild-linux-arm/download/esbuild-linux-arm-0.14.49.tgz#7c33d05a64ec540cf7474834adaa57b3167bbe97"
  integrity sha1-fDPQWmTsVAz3R0g0rapXsxZ7vpc=

esbuild-linux-mips64le@0.14.49:
  version "0.14.49"
  resolved "http://npm.devops.xiaohongshu.com:7001/esbuild-linux-mips64le/download/esbuild-linux-mips64le-0.14.49.tgz#ed062bd844b587be649443831eb84ba304685f25"
  integrity sha1-7QYr2ES1h75klEODHrhLowRoXyU=

esbuild-linux-ppc64le@0.14.49:
  version "0.14.49"
  resolved "http://npm.devops.xiaohongshu.com:7001/esbuild-linux-ppc64le/download/esbuild-linux-ppc64le-0.14.49.tgz#c0786fb5bddffd90c10a2078181513cbaf077958"
  integrity sha1-wHhvtb3f/ZDBCiB4GBUTy68HeVg=

esbuild-linux-riscv64@0.14.49:
  version "0.14.49"
  resolved "http://npm.devops.xiaohongshu.com:7001/esbuild-linux-riscv64/download/esbuild-linux-riscv64-0.14.49.tgz#579b0e7cc6fce4bfc698e991a52503bb616bec49"
  integrity sha1-V5sOfMb85L/GmOmRpSUDu2Fr7Ek=

esbuild-linux-s390x@0.14.49:
  version "0.14.49"
  resolved "http://npm.devops.xiaohongshu.com:7001/esbuild-linux-s390x/download/esbuild-linux-s390x-0.14.49.tgz#09eb15c753e249a500b4e28d07c5eef7524a9740"
  integrity sha1-CesVx1PiSaUAtOKNB8Xu91JKl0A=

esbuild-netbsd-64@0.14.49:
  version "0.14.49"
  resolved "http://npm.devops.xiaohongshu.com:7001/esbuild-netbsd-64/download/esbuild-netbsd-64-0.14.49.tgz#f7337cd2bddb7cc9d100d19156f36c9ca117b58d"
  integrity sha1-9zN80r3bfMnRANGRVvNsnKEXtY0=

esbuild-openbsd-64@0.14.49:
  version "0.14.49"
  resolved "http://npm.devops.xiaohongshu.com:7001/esbuild-openbsd-64/download/esbuild-openbsd-64-0.14.49.tgz#1f8bdc49f8a44396e73950a3fb6b39828563631d"
  integrity sha1-H4vcSfikQ5bnOVCj+2s5goVjYx0=

esbuild-sunos-64@0.14.49:
  version "0.14.49"
  resolved "http://npm.devops.xiaohongshu.com:7001/esbuild-sunos-64/download/esbuild-sunos-64-0.14.49.tgz#47d042739365b61aa8ca642adb69534a8eef9f7a"
  integrity sha1-R9BCc5NlthqoymQq22lTSo7vn3o=

esbuild-windows-32@0.14.49:
  version "0.14.49"
  resolved "http://npm.devops.xiaohongshu.com:7001/esbuild-windows-32/download/esbuild-windows-32-0.14.49.tgz#79198c88ec9bde163c18a6b430c34eab098ec21a"
  integrity sha1-eRmMiOyb3hY8GKa0MMNOqwmOwho=

esbuild-windows-64@0.14.49:
  version "0.14.49"
  resolved "http://npm.devops.xiaohongshu.com:7001/esbuild-windows-64/download/esbuild-windows-64-0.14.49.tgz#b36b230d18d1ee54008e08814c4799c7806e8c79"
  integrity sha1-s2sjDRjR7lQAjgiBTEeZx4BujHk=

esbuild-windows-arm64@0.14.49:
  version "0.14.49"
  resolved "http://npm.devops.xiaohongshu.com:7001/esbuild-windows-arm64/download/esbuild-windows-arm64-0.14.49.tgz#d83c03ff6436caf3262347cfa7e16b0a8049fae7"
  integrity sha1-2DwD/2Q2yvMmI0fPp+FrCoBJ+uc=

esbuild@^0.14.27:
  version "0.14.49"
  resolved "http://npm.devops.xiaohongshu.com:7001/esbuild/download/esbuild-0.14.49.tgz#b82834760eba2ddc17b44f05cfcc0aaca2bae492"
  integrity sha1-uCg0dg66LdwXtE8Fz8wKrKK65JI=
  optionalDependencies:
    esbuild-android-64 "0.14.49"
    esbuild-android-arm64 "0.14.49"
    esbuild-darwin-64 "0.14.49"
    esbuild-darwin-arm64 "0.14.49"
    esbuild-freebsd-64 "0.14.49"
    esbuild-freebsd-arm64 "0.14.49"
    esbuild-linux-32 "0.14.49"
    esbuild-linux-64 "0.14.49"
    esbuild-linux-arm "0.14.49"
    esbuild-linux-arm64 "0.14.49"
    esbuild-linux-mips64le "0.14.49"
    esbuild-linux-ppc64le "0.14.49"
    esbuild-linux-riscv64 "0.14.49"
    esbuild-linux-s390x "0.14.49"
    esbuild-netbsd-64 "0.14.49"
    esbuild-openbsd-64 "0.14.49"
    esbuild-sunos-64 "0.14.49"
    esbuild-windows-32 "0.14.49"
    esbuild-windows-64 "0.14.49"
    esbuild-windows-arm64 "0.14.49"

estree-walker@^2.0.2:
  version "2.0.2"
  resolved "http://npm.devops.xiaohongshu.com:7001/estree-walker/download/estree-walker-2.0.2.tgz#52f010178c2a4c117a7757cfe942adb7d2da4cac"
  integrity sha1-UvAQF4wqTBF6d1fP6UKtt9LaTKw=

fs-extra@^10.0.0:
  version "10.1.0"
  resolved "http://npm.devops.xiaohongshu.com:7001/fs-extra/download/fs-extra-10.1.0.tgz#02873cfbc4084dde127eaa5f9905eef2325d1abf"
  integrity sha1-Aoc8+8QITd4SfqpfmQXu8jJdGr8=
  dependencies:
    graceful-fs "^4.2.0"
    jsonfile "^6.0.1"
    universalify "^2.0.0"

fsevents@~2.3.2:
  version "2.3.2"
  resolved "http://npm.devops.xiaohongshu.com:7001/fsevents/download/fsevents-2.3.2.tgz#8a526f78b8fdf4623b709e0b975c52c24c02fd1a"
  integrity sha1-ilJveLj99GI7cJ4Ll1xSwkwC/Ro=

function-bind@^1.1.1:
  version "1.1.1"
  resolved "http://npm.devops.xiaohongshu.com:7001/function-bind/download/function-bind-1.1.1.tgz#a56899d3ea3c9bab874bb9773b7c5ede92f4895d"
  integrity sha1-pWiZ0+o8m6uHS7l3O3xe3pL0iV0=

graceful-fs@^4.1.6, graceful-fs@^4.2.0:
  version "4.2.10"
  resolved "http://npm.devops.xiaohongshu.com:7001/graceful-fs/download/graceful-fs-4.2.10.tgz#147d3a006da4ca3ce14728c7aefc287c367d7a6c"
  integrity sha1-FH06AG2kyjzhRyjHrvwofDZ9emw=

has@^1.0.3:
  version "1.0.3"
  resolved "http://npm.devops.xiaohongshu.com:7001/has/download/has-1.0.3.tgz#722d7cbfc1f6aa8241f16dd814e011e1f41e8796"
  integrity sha1-ci18v8H2qoJB8W3YFOAR4fQeh5Y=
  dependencies:
    function-bind "^1.1.1"

is-core-module@^2.9.0:
  version "2.9.0"
  resolved "http://npm.devops.xiaohongshu.com:7001/is-core-module/download/is-core-module-2.9.0.tgz#e1c34429cd51c6dd9e09e0799e396e27b19a9c69"
  integrity sha1-4cNEKc1Rxt2eCeB5njluJ7GanGk=
  dependencies:
    has "^1.0.3"

is-plain-object@3.0.1:
  version "3.0.1"
  resolved "http://npm.devops.xiaohongshu.com:7001/is-plain-object/download/is-plain-object-3.0.1.tgz#662d92d24c0aa4302407b0d45d21f2251c85f85b"
  integrity sha1-Zi2S0kwKpDAkB7DUXSHyJRyF+Fs=

"js-tokens@^3.0.0 || ^4.0.0":
  version "4.0.0"
  resolved "http://npm.devops.xiaohongshu.com:7001/js-tokens/download/js-tokens-4.0.0.tgz#19203fb59991df98e3a287050d4647cdeaf32499"
  integrity sha1-GSA/tZmR35jjoocFDUZHzerzJJk=

jsonfile@^6.0.1:
  version "6.1.0"
  resolved "http://npm.devops.xiaohongshu.com:7001/jsonfile/download/jsonfile-6.1.0.tgz#bc55b2634793c679ec6403094eb13698a6ec0aae"
  integrity sha1-vFWyY0eTxnnsZAMJTrE2mKbsCq4=
  dependencies:
    universalify "^2.0.0"
  optionalDependencies:
    graceful-fs "^4.1.6"

lodash-es@^4.17.15:
  version "4.17.21"
  resolved "http://npm.devops.xiaohongshu.com:7001/lodash-es/download/lodash-es-4.17.21.tgz#43e626c46e6591b7750beb2b50117390c609e3ee"
  integrity sha1-Q+YmxG5lkbd1C+srUBFzkMYJ4+4=

lodash@^4.17.21:
  version "4.17.21"
  resolved "http://npm.devops.xiaohongshu.com:7001/lodash/download/lodash-4.17.21.tgz#679591c564c3bffaae8454cf0b3df370c3d6911c"
  integrity sha1-Z5WRxWTDv/quhFTPCz3zcMPWkRw=

loose-envify@^1.0.0:
  version "1.4.0"
  resolved "http://npm.devops.xiaohongshu.com:7001/loose-envify/download/loose-envify-1.4.0.tgz#71ee51fa7be4caec1a63839f7e682d8132d30caf"
  integrity sha1-ce5R+nvkyuwaY4OffmgtgTLTDK8=
  dependencies:
    js-tokens "^3.0.0 || ^4.0.0"

lower-case@^2.0.1, lower-case@^2.0.2:
  version "2.0.2"
  resolved "http://npm.devops.xiaohongshu.com:7001/lower-case/download/lower-case-2.0.2.tgz#6fa237c63dbdc4a82ca0fd882e4722dc5e634e28"
  integrity sha1-b6I3xj29xKgsoP2ILkci3F5jTig=
  dependencies:
    tslib "^2.0.3"

magic-string@^0.25.7:
  version "0.25.9"
  resolved "http://npm.devops.xiaohongshu.com:7001/magic-string/download/magic-string-0.25.9.tgz#de7f9faf91ef8a1c91d02c2e5314c8277dbcdd1c"
  integrity sha1-3n+fr5HvihyR0CwuUxTIJ3283Rw=
  dependencies:
    sourcemap-codec "^1.4.8"

nanoid@^3.3.4:
  version "3.3.4"
  resolved "http://npm.devops.xiaohongshu.com:7001/nanoid/download/nanoid-3.3.4.tgz#730b67e3cd09e2deacf03c027c81c9d9dbc5e8ab"
  integrity sha1-cwtn480J4t6s8DwCfIHJ2dvF6Ks=

nanopop@^2.1.0:
  version "2.1.0"
  resolved "http://npm.devops.xiaohongshu.com:7001/nanopop/download/nanopop-2.1.0.tgz#23476513cee2405888afd2e8a4b54066b70b9e60"
  integrity sha1-I0dlE87iQFiIr9LopLVAZrcLnmA=

no-case@^3.0.4:
  version "3.0.4"
  resolved "http://npm.devops.xiaohongshu.com:7001/no-case/download/no-case-3.0.4.tgz#d361fd5c9800f558551a8369fc0dcd4662b6124d"
  integrity sha1-02H9XJgA9VhVGoNp/A3NRmK2Ek0=
  dependencies:
    lower-case "^2.0.2"
    tslib "^2.0.3"

param-case@^3.0.4:
  version "3.0.4"
  resolved "http://npm.devops.xiaohongshu.com:7001/param-case/download/param-case-3.0.4.tgz#7d17fe4aa12bde34d4a77d91acfb6219caad01c5"
  integrity sha1-fRf+SqEr3jTUp32RrPtiGcqtAcU=
  dependencies:
    dot-case "^3.0.4"
    tslib "^2.0.3"

pascal-case@^3.1.1, pascal-case@^3.1.2:
  version "3.1.2"
  resolved "http://npm.devops.xiaohongshu.com:7001/pascal-case/download/pascal-case-3.1.2.tgz#b48e0ef2b98e205e7c1dae747d0b1508237660eb"
  integrity sha1-tI4O8rmOIF58Ha50fQsVCCN2YOs=
  dependencies:
    no-case "^3.0.4"
    tslib "^2.0.3"

path-parse@^1.0.7:
  version "1.0.7"
  resolved "http://npm.devops.xiaohongshu.com:7001/path-parse/download/path-parse-1.0.7.tgz#fbc114b60ca42b30d9daf5858e4bd68bbedb6735"
  integrity sha1-+8EUtgykKzDZ2vWFjkvWi77bZzU=

picocolors@^1.0.0:
  version "1.0.0"
  resolved "http://npm.devops.xiaohongshu.com:7001/picocolors/download/picocolors-1.0.0.tgz#cb5bdc74ff3f51892236eaf79d68bc44564ab81c"
  integrity sha1-y1vcdP8/UYkiNur3nWi8RFZKuBw=

postcss@^8.1.10, postcss@^8.4.13:
  version "8.4.14"
  resolved "http://npm.devops.xiaohongshu.com:7001/postcss/download/postcss-8.4.14.tgz#ee9274d5622b4858c1007a74d76e42e56fd21caf"
  integrity sha1-7pJ01WIrSFjBAHp0125C5W/SHK8=
  dependencies:
    nanoid "^3.3.4"
    picocolors "^1.0.0"
    source-map-js "^1.0.2"

regenerator-runtime@^0.13.4:
  version "0.13.9"
  resolved "http://npm.devops.xiaohongshu.com:7001/regenerator-runtime/download/regenerator-runtime-0.13.9.tgz#8925742a98ffd90814988d7566ad30ca3b263b52"
  integrity sha1-iSV0Kpj/2QgUmI11Zq0wyjsmO1I=

resize-observer-polyfill@^1.5.1:
  version "1.5.1"
  resolved "http://npm.devops.xiaohongshu.com:7001/resize-observer-polyfill/download/resize-observer-polyfill-1.5.1.tgz#0e9020dd3d21024458d4ebd27e23e40269810464"
  integrity sha1-DpAg3T0hAkRY1OvSfiPkAmmBBGQ=

resolve@^1.22.0:
  version "1.22.1"
  resolved "http://npm.devops.xiaohongshu.com:7001/resolve/download/resolve-1.22.1.tgz#27cb2ebb53f91abb49470a928bba7558066ac177"
  integrity sha1-J8suu1P5GrtJRwqSi7p1WAZqwXc=
  dependencies:
    is-core-module "^2.9.0"
    path-parse "^1.0.7"
    supports-preserve-symlinks-flag "^1.0.0"

rollup@^2.59.0:
  version "2.75.7"
  resolved "http://npm.devops.xiaohongshu.com:7001/rollup/download/rollup-2.75.7.tgz#221ff11887ae271e37dcc649ba32ce1590aaa0b9"
  integrity sha1-Ih/xGIeuJx433MZJujLOFZCqoLk=
  optionalDependencies:
    fsevents "~2.3.2"

scroll-into-view-if-needed@^2.2.25:
  version "2.2.29"
  resolved "http://npm.devops.xiaohongshu.com:7001/scroll-into-view-if-needed/download/scroll-into-view-if-needed-2.2.29.tgz#551791a84b7e2287706511f8c68161e4990ab885"
  integrity sha1-VReRqEt+IodwZRH4xoFh5JkKuIU=
  dependencies:
    compute-scroll-into-view "^1.0.17"

shallow-equal@^1.0.0:
  version "1.2.1"
  resolved "http://npm.devops.xiaohongshu.com:7001/shallow-equal/download/shallow-equal-1.2.1.tgz#4c16abfa56043aa20d050324efa68940b0da79da"
  integrity sha1-TBar+lYEOqINBQMk76aJQLDaedo=

source-map-js@^1.0.2:
  version "1.0.2"
  resolved "http://npm.devops.xiaohongshu.com:7001/source-map-js/download/source-map-js-1.0.2.tgz#adbc361d9c62df380125e7f161f71c826f1e490c"
  integrity sha1-rbw2HZxi3zgBJefxYfccgm8eSQw=

source-map@^0.6.1:
  version "0.6.1"
  resolved "http://npm.devops.xiaohongshu.com:7001/source-map/download/source-map-0.6.1.tgz#74722af32e9614e9c287a8d0bbde48b5e2f1a263"
  integrity sha1-dHIq8y6WFOnCh6jQu95IteLxomM=

sourcemap-codec@^1.4.8:
  version "1.4.8"
  resolved "http://npm.devops.xiaohongshu.com:7001/sourcemap-codec/download/sourcemap-codec-1.4.8.tgz#ea804bd94857402e6992d05a38ef1ae35a9ab4c4"
  integrity sha1-6oBL2UhXQC5pktBaOO8a41qatMQ=

supports-preserve-symlinks-flag@^1.0.0:
  version "1.0.0"
  resolved "http://npm.devops.xiaohongshu.com:7001/supports-preserve-symlinks-flag/download/supports-preserve-symlinks-flag-1.0.0.tgz#6eda4bd344a3c94aea376d4cc31bc77311039e09"
  integrity sha1-btpL00SjyUrqN21MwxvHcxEDngk=

tslib@^2.0.3:
  version "2.4.0"
  resolved "http://npm.devops.xiaohongshu.com:7001/tslib/download/tslib-2.4.0.tgz#7cecaa7f073ce680a05847aa77be941098f36dc3"
  integrity sha1-fOyqfwc85oCgWEeqd76UEJjzbcM=

typescript@^4.5.4:
  version "4.7.4"
  resolved "http://npm.devops.xiaohongshu.com:7001/typescript/download/typescript-4.7.4.tgz#1a88596d1cf47d59507a1bcdfb5b9dfe4d488235"
  integrity sha1-GohZbRz0fVlQehvN+1ud/k1IgjU=

universalify@^2.0.0:
  version "2.0.0"
  resolved "http://npm.devops.xiaohongshu.com:7001/universalify/download/universalify-2.0.0.tgz#75a4984efedc4b08975c5aeb73f530d02df25717"
  integrity sha1-daSYTv7cSwiXXFrrc/Uw0C3yVxc=

upper-case@^2.0.1:
  version "2.0.2"
  resolved "http://npm.devops.xiaohongshu.com:7001/upper-case/download/upper-case-2.0.2.tgz#d89810823faab1df1549b7d97a76f8662bae6f7a"
  integrity sha1-2JgQgj+qsd8VSbfZenb4Ziuub3o=
  dependencies:
    tslib "^2.0.3"

vite@^2.9.9:
  version "2.9.12"
  resolved "http://npm.devops.xiaohongshu.com:7001/vite/download/vite-2.9.12.tgz#b1d636b0a8ac636afe9d83e3792d4895509a941b"
  integrity sha1-sdY2sKisY2r+nYPjeS1IlVCalBs=
  dependencies:
    esbuild "^0.14.27"
    postcss "^8.4.13"
    resolve "^1.22.0"
    rollup "^2.59.0"
  optionalDependencies:
    fsevents "~2.3.2"

vue-demi@^0.9.0:
  version "0.9.1"
  resolved "http://npm.devops.xiaohongshu.com:7001/vue-demi/download/vue-demi-0.9.1.tgz#25d6e1ebd4d4010757ff3571e2bf6a1d7bf3de82"
  integrity sha1-Jdbh69TUAQdX/zVx4r9qHXvz3oI=

vue-frag@^1.1.4:
  version "1.4.0"
  resolved "http://npm.devops.xiaohongshu.com:7001/vue-frag/download/vue-frag-1.4.0.tgz#eede3df860163f6c2d9b07c7d9492b2cf53de24b"
  integrity sha1-7t49+GAWP2wtmwfH2UkrLPU94ks=

vue-tsc@^0.34.7:
  version "0.34.17"
  resolved "http://npm.devops.xiaohongshu.com:7001/vue-tsc/download/vue-tsc-0.34.17.tgz#332fc5c31d64bb9b74b0f26050f3ab067a9a7d6f"
  integrity sha1-My/Fwx1ku5t0sPJgUPOrBnqafW8=
  dependencies:
    "@volar/vue-typescript" "0.34.17"

vue-types@^3.0.0:
  version "3.0.2"
  resolved "http://npm.devops.xiaohongshu.com:7001/vue-types/download/vue-types-3.0.2.tgz#ec16e05d412c038262fc1efa4ceb9647e7fb601d"
  integrity sha1-7BbgXUEsA4Ji/B76TOuWR+f7YB0=
  dependencies:
    is-plain-object "3.0.1"

vue@^3.2.25:
  version "3.2.26"
  resolved "http://npm.devops.xiaohongshu.com:7001/vue/download/vue-3.2.26.tgz#5db575583ecae495c7caa5c12fd590dffcbb763e"
  integrity sha1-XbV1WD7K5JXHyqXBL9WQ3/y7dj4=
  dependencies:
    "@vue/compiler-dom" "3.2.26"
    "@vue/compiler-sfc" "3.2.26"
    "@vue/runtime-dom" "3.2.26"
    "@vue/server-renderer" "3.2.26"
    "@vue/shared" "3.2.26"

warning@^4.0.0:
  version "4.0.3"
  resolved "http://npm.devops.xiaohongshu.com:7001/warning/download/warning-4.0.3.tgz#16e9e077eb8a86d6af7d64aa1e05fd85b4678ca3"
  integrity sha1-Fungd+uKhtavfWSqHgX9hbRnjKM=
  dependencies:
    loose-envify "^1.0.0"
